// !$*UTF8*$!
{
	archiveVersion = 1;
	classes = {
	};
	objectVersion = 77;
	objects = {

/* Begin PBXContainerItemProxy section */
		45D5F5C32D344DEF00DBD69F /* PBXContainerItemProxy */ = {
			isa = PBXContainerItemProxy;
			containerPortal = 45D5F5A12D344DEE00DBD69F /* Project object */;
			proxyType = 1;
			remoteGlobalIDString = 45D5F5A82D344DEE00DBD69F;
			remoteInfo = FileManager;
		};
		45D5F5CD2D344DEF00DBD69F /* PBXContainerItemProxy */ = {
			isa = PBXContainerItemProxy;
			containerPortal = 45D5F5A12D344DEE00DBD69F /* Project object */;
			proxyType = 1;
			remoteGlobalIDString = 45D5F5A82D344DEE00DBD69F;
			remoteInfo = FileManager;
		};
/* End PBXContainerItemProxy section */

/* Begin PBXFileReference section */
		45D5F5A92D344DEE00DBD69F /* FileManager.app */ = {isa = PBXFileReference; explicitFileType = wrapper.application; includeInIndex = 0; path = FileManager.app; sourceTree = BUILT_PRODUCTS_DIR; };
		45D5F5C22D344DEF00DBD69F /* FileManagerTests.xctest */ = {isa = PBXFileReference; explicitFileType = wrapper.cfbundle; includeInIndex = 0; path = FileManagerTests.xctest; sourceTree = BUILT_PRODUCTS_DIR; };
		45D5F5CC2D344DEF00DBD69F /* FileManagerUITests.xctest */ = {isa = PBXFileReference; explicitFileType = wrapper.cfbundle; includeInIndex = 0; path = FileManagerUITests.xctest; sourceTree = BUILT_PRODUCTS_DIR; };
/* End PBXFileReference section */

/* Begin PBXFileSystemSynchronizedBuildFileExceptionSet section */
		459443E82D37D4D300E62BB8 /* Exceptions for "FileManager" folder in "FileManager" target */ = {
			isa = PBXFileSystemSynchronizedBuildFileExceptionSet;
			membershipExceptions = (
				"/Localized: LaunchScreen.storyboard",
				"/Localized: Main.storyboard",
				AppDelegate/AppDelegate.swift,
				AppDelegate/SceneDelegate.swift,
				Assets.xcassets,
				"CoreData/FolderEntity+CoreDataClass.swift",
				"CoreData/FolderEntity+CoreDataProperties.swift",
				FileManager.xcdatamodeld,
				Folder/View/FolderCell/FolderCell.swift,
				Folder/View/FolderCreationView/FolderCreationDialog.swift,
				Folder/View/FolderViewController.swift,
				Folder/ViewModel/FolderViewModel.swift,
				FolderMenuOption/Model/FolderMenuOption.swift,
				FolderMenuOption/View/FolderMenuView.swift,
				FolderMenuOption/View/IconLabelCell/IconLabelCell.swift,
				FolderMenuOption/ViewModel/FolderMenuViewModel.swift,
				Utility/ColorConverter.swift,
				Utility/CoreDataManager.swift,
				Utility/StorageHelper.swift,
			);
			target = 45D5F5A82D344DEE00DBD69F /* FileManager */;
		};
		459443EA2D37D4D300E62BB8 /* Exceptions for "FileManager" folder in "FileManagerTests" target */ = {
			isa = PBXFileSystemSynchronizedBuildFileExceptionSet;
			membershipExceptions = (
				"/Localized: LaunchScreen.storyboard",
				"/Localized: Main.storyboard",
				AppDelegate/AppDelegate.swift,
				AppDelegate/SceneDelegate.swift,
				Assets.xcassets,
				"CoreData/FolderEntity+CoreDataClass.swift",
				"CoreData/FolderEntity+CoreDataProperties.swift",
				FileManager.xcdatamodeld,
				Folder/View/FolderCell/FolderCell.swift,
				Folder/View/FolderCreationView/FolderCreationDialog.swift,
				Folder/View/FolderViewController.swift,
				Folder/ViewModel/FolderViewModel.swift,
				FolderMenuOption/Model/FolderMenuOption.swift,
				FolderMenuOption/View/FolderMenuView.swift,
				FolderMenuOption/View/IconLabelCell/IconLabelCell.swift,
				FolderMenuOption/ViewModel/FolderMenuViewModel.swift,
				Info.plist,
				Utility/ColorConverter.swift,
				Utility/CoreDataManager.swift,
				Utility/StorageHelper.swift,
			);
			target = 45D5F5C12D344DEF00DBD69F /* FileManagerTests */;
		};
/* End PBXFileSystemSynchronizedBuildFileExceptionSet section */

/* Begin PBXFileSystemSynchronizedRootGroup section */
		459443D42D37D4D300E62BB8 /* FileManager */ = {
			isa = PBXFileSystemSynchronizedRootGroup;
			exceptions = (
				459443E82D37D4D300E62BB8 /* Exceptions for "FileManager" folder in "FileManager" target */,
				459443EA2D37D4D300E62BB8 /* Exceptions for "FileManager" folder in "FileManagerTests" target */,
			);
			path = FileManager;
			sourceTree = "<group>";
		};
		45D5F5C52D344DEF00DBD69F /* FileManagerTests */ = {
			isa = PBXFileSystemSynchronizedRootGroup;
			path = FileManagerTests;
			sourceTree = "<group>";
		};
		45D5F5CF2D344DEF00DBD69F /* FileManagerUITests */ = {
			isa = PBXFileSystemSynchronizedRootGroup;
			path = FileManagerUITests;
			sourceTree = "<group>";
		};
/* End PBXFileSystemSynchronizedRootGroup section */

/* Begin PBXFrameworksBuildPhase section */
		45D5F5A62D344DEE00DBD69F /* Frameworks */ = {
			isa = PBXFrameworksBuildPhase;
			buildActionMask = 2147483647;
			files = (
			);
			runOnlyForDeploymentPostprocessing = 0;
		};
		45D5F5BF2D344DEF00DBD69F /* Frameworks */ = {
			isa = PBXFrameworksBuildPhase;
			buildActionMask = 2147483647;
			files = (
			);
			runOnlyForDeploymentPostprocessing = 0;
		};
		45D5F5C92D344DEF00DBD69F /* Frameworks */ = {
			isa = PBXFrameworksBuildPhase;
			buildActionMask = 2147483647;
			files = (
			);
			runOnlyForDeploymentPostprocessing = 0;
		};
/* End PBXFrameworksBuildPhase section */

/* Begin PBXGroup section */
		45D5F5A02D344DEE00DBD69F = {
			isa = PBXGroup;
			children = (
				459443D42D37D4D300E62BB8 /* FileManager */,
				45D5F5C52D344DEF00DBD69F /* FileManagerTests */,
				45D5F5CF2D344DEF00DBD69F /* FileManagerUITests */,
				45D5F5AA2D344DEE00DBD69F /* Products */,
			);
			sourceTree = "<group>";
		};
		45D5F5AA2D344DEE00DBD69F /* Products */ = {
			isa = PBXGroup;
			children = (
				45D5F5A92D344DEE00DBD69F /* FileManager.app */,
				45D5F5C22D344DEF00DBD69F /* FileManagerTests.xctest */,
				45D5F5CC2D344DEF00DBD69F /* FileManagerUITests.xctest */,
			);
			name = Products;
			sourceTree = "<group>";
		};
/* End PBXGroup section */

/* Begin PBXNativeTarget section */
		45D5F5A82D344DEE00DBD69F /* FileManager */ = {
			isa = PBXNativeTarget;
			buildConfigurationList = 45D5F5D52D344DEF00DBD69F /* Build configuration list for PBXNativeTarget "FileManager" */;
			buildPhases = (
				45D5F5A52D344DEE00DBD69F /* Sources */,
				45D5F5A62D344DEE00DBD69F /* Frameworks */,
				45D5F5A72D344DEE00DBD69F /* Resources */,
			);
			buildRules = (
			);
			dependencies = (
			);
			name = FileManager;
			packageProductDependencies = (
			);
			productName = FileManager;
			productReference = 45D5F5A92D344DEE00DBD69F /* FileManager.app */;
			productType = "com.apple.product-type.application";
		};
		45D5F5C12D344DEF00DBD69F /* FileManagerTests */ = {
			isa = PBXNativeTarget;
			buildConfigurationList = 45D5F5DA2D344DEF00DBD69F /* Build configuration list for PBXNativeTarget "FileManagerTests" */;
			buildPhases = (
				45D5F5BE2D344DEF00DBD69F /* Sources */,
				45D5F5BF2D344DEF00DBD69F /* Frameworks */,
				45D5F5C02D344DEF00DBD69F /* Resources */,
			);
			buildRules = (
			);
			dependencies = (
				45D5F5C42D344DEF00DBD69F /* PBXTargetDependency */,
			);
			fileSystemSynchronizedGroups = (
				459443D42D37D4D300E62BB8 /* FileManager */,
				45D5F5C52D344DEF00DBD69F /* FileManagerTests */,
			);
			name = FileManagerTests;
			packageProductDependencies = (
			);
			productName = FileManagerTests;
			productReference = 45D5F5C22D344DEF00DBD69F /* FileManagerTests.xctest */;
			productType = "com.apple.product-type.bundle.unit-test";
		};
		45D5F5CB2D344DEF00DBD69F /* FileManagerUITests */ = {
			isa = PBXNativeTarget;
			buildConfigurationList = 45D5F5DD2D344DEF00DBD69F /* Build configuration list for PBXNativeTarget "FileManagerUITests" */;
			buildPhases = (
				45D5F5C82D344DEF00DBD69F /* Sources */,
				45D5F5C92D344DEF00DBD69F /* Frameworks */,
				45D5F5CA2D344DEF00DBD69F /* Resources */,
			);
			buildRules = (
			);
			dependencies = (
				45D5F5CE2D344DEF00DBD69F /* PBXTargetDependency */,
			);
			fileSystemSynchronizedGroups = (
				45D5F5CF2D344DEF00DBD69F /* FileManagerUITests */,
			);
			name = FileManagerUITests;
			packageProductDependencies = (
			);
			productName = FileManagerUITests;
			productReference = 45D5F5CC2D344DEF00DBD69F /* FileManagerUITests.xctest */;
			productType = "com.apple.product-type.bundle.ui-testing";
		};
/* End PBXNativeTarget section */

/* Begin PBXProject section */
		45D5F5A12D344DEE00DBD69F /* Project object */ = {
			isa = PBXProject;
			attributes = {
				BuildIndependentTargetsInParallel = 1;
				LastSwiftUpdateCheck = 1620;
				LastUpgradeCheck = 1620;
				TargetAttributes = {
					45D5F5A82D344DEE00DBD69F = {
						CreatedOnToolsVersion = 16.2;
					};
					45D5F5C12D344DEF00DBD69F = {
						CreatedOnToolsVersion = 16.2;
						TestTargetID = 45D5F5A82D344DEE00DBD69F;
					};
					45D5F5CB2D344DEF00DBD69F = {
						CreatedOnToolsVersion = 16.2;
						TestTargetID = 45D5F5A82D344DEE00DBD69F;
					};
				};
			};
			buildConfigurationList = 45D5F5A42D344DEE00DBD69F /* Build configuration list for PBXProject "FileManager" */;
			developmentRegion = en;
			hasScannedForEncodings = 0;
			knownRegions = (
				en,
				Base,
			);
			mainGroup = 45D5F5A02D344DEE00DBD69F;
			minimizedProjectReferenceProxies = 1;
			preferredProjectObjectVersion = 77;
			productRefGroup = 45D5F5AA2D344DEE00DBD69F /* Products */;
			projectDirPath = "";
			projectRoot = "";
			targets = (
				45D5F5A82D344DEE00DBD69F /* FileManager */,
				45D5F5C12D344DEF00DBD69F /* FileManagerTests */,
				45D5F5CB2D344DEF00DBD69F /* FileManagerUITests */,
			);
		};
/* End PBXProject section */

/* Begin PBXResourcesBuildPhase section */
		45D5F5A72D344DEE00DBD69F /* Resources */ = {
			isa = PBXResourcesBuildPhase;
			buildActionMask = 2147483647;
			files = (
			);
			runOnlyForDeploymentPostprocessing = 0;
		};
		45D5F5C02D344DEF00DBD69F /* Resources */ = {
			isa = PBXResourcesBuildPhase;
			buildActionMask = 2147483647;
			files = (
			);
			runOnlyForDeploymentPostprocessing = 0;
		};
		45D5F5CA2D344DEF00DBD69F /* Resources */ = {
			isa = PBXResourcesBuildPhase;
			buildActionMask = 2147483647;
			files = (
			);
			runOnlyForDeploymentPostprocessing = 0;
		};
/* End PBXResourcesBuildPhase section */

/* Begin PBXSourcesBuildPhase section */
		45D5F5A52D344DEE00DBD69F /* Sources */ = {
			isa = PBXSourcesBuildPhase;
			buildActionMask = 2147483647;
			files = (
			);
			runOnlyForDeploymentPostprocessing = 0;
		};
		45D5F5BE2D344DEF00DBD69F /* Sources */ = {
			isa = PBXSourcesBuildPhase;
			buildActionMask = 2147483647;
			files = (
			);
			runOnlyForDeploymentPostprocessing = 0;
		};
		45D5F5C82D344DEF00DBD69F /* Sources */ = {
			isa = PBXSourcesBuildPhase;
			buildActionMask = 2147483647;
			files = (
			);
			runOnlyForDeploymentPostprocessing = 0;
		};
/* End PBXSourcesBuildPhase section */

/* Begin PBXTargetDependency section */
		45D5F5C42D344DEF00DBD69F /* PBXTargetDependency */ = {
			isa = PBXTargetDependency;
			target = 45D5F5A82D344DEE00DBD69F /* FileManager */;
			targetProxy = 45D5F5C32D344DEF00DBD69F /* PBXContainerItemProxy */;
		};
		45D5F5CE2D344DEF00DBD69F /* PBXTargetDependency */ = {
			isa = PBXTargetDependency;
			target = 45D5F5A82D344DEE00DBD69F /* FileManager */;
			targetProxy = 45D5F5CD2D344DEF00DBD69F /* PBXContainerItemProxy */;
		};
/* End PBXTargetDependency section */

/* Begin XCBuildConfiguration section */
		45D5F5D62D344DEF00DBD69F /* Debug */ = {
			isa = XCBuildConfiguration;
			buildSettings = {
				ASSETCATALOG_COMPILER_APPICON_NAME = AppIcon;
				ASSETCATALOG_COMPILER_GLOBAL_ACCENT_COLOR_NAME = AccentColor;
				CODE_SIGN_STYLE = Automatic;
				CURRENT_PROJECT_VERSION = 1;
				GENERATE_INFOPLIST_FILE = YES;
				INFOPLIST_FILE = FileManager/Info.plist;
				INFOPLIST_KEY_UIApplicationSupportsIndirectInputEvents = YES;
				INFOPLIST_KEY_UILaunchStoryboardName = LaunchScreen;
				INFOPLIST_KEY_UIMainStoryboardFile = Main;
				INFOPLIST_KEY_UISupportedInterfaceOrientations_iPad = "UIInterfaceOrientationPortrait UIInterfaceOrientationPortraitUpsideDown UIInterfaceOrientationLandscapeLeft UIInterfaceOrientationLandscapeRight";
				INFOPLIST_KEY_UISupportedInterfaceOrientations_iPhone = "UIInterfaceOrientationPortrait UIInterfaceOrientationLandscapeLeft UIInterfaceOrientationLandscapeRight";
				LD_RUNPATH_SEARCH_PATHS = (
					"$(inherited)",
					"@executable_path/Frameworks",
				);
				MARKETING_VERSION = 1.0;
				PRODUCT_BUNDLE_IDENTIFIER = com.example.FileManager;
				PRODUCT_NAME = "$(TARGET_NAME)";
				SUPPORTED_PLATFORMS = "iphoneos iphonesimulator";
				SUPPORTS_MACCATALYST = NO;
				SUPPORTS_MAC_DESIGNED_FOR_IPHONE_IPAD = NO;
				SUPPORTS_XR_DESIGNED_FOR_IPHONE_IPAD = NO;
				SWIFT_EMIT_LOC_STRINGS = YES;
				SWIFT_VERSION = 5.0;
				TARGETED_DEVICE_FAMILY = "1,2";
			};
			name = Debug;
		};
		45D5F5D72D344DEF00DBD69F /* Release */ = {
			isa = XCBuildConfiguration;
			buildSettings = {
				ASSETCATALOG_COMPILER_APPICON_NAME = AppIcon;
				ASSETCATALOG_COMPILER_GLOBAL_ACCENT_COLOR_NAME = AccentColor;
				CODE_SIGN_STYLE = Automatic;
				CURRENT_PROJECT_VERSION = 1;
				GENERATE_INFOPLIST_FILE = YES;
				INFOPLIST_FILE = FileManager/Info.plist;
				INFOPLIST_KEY_UIApplicationSupportsIndirectInputEvents = YES;
				INFOPLIST_KEY_UILaunchStoryboardName = LaunchScreen;
				INFOPLIST_KEY_UIMainStoryboardFile = Main;
				INFOPLIST_KEY_UISupportedInterfaceOrientations_iPad = "UIInterfaceOrientationPortrait UIInterfaceOrientationPortraitUpsideDown UIInterfaceOrientationLandscapeLeft UIInterfaceOrientationLandscapeRight";
				INFOPLIST_KEY_UISupportedInterfaceOrientations_iPhone = "UIInterfaceOrientationPortrait UIInterfaceOrientationLandscapeLeft UIInterfaceOrientationLandscapeRight";
				LD_RUNPATH_SEARCH_PATHS = (
					"$(inherited)",
					"@executable_path/Frameworks",
				);
				MARKETING_VERSION = 1.0;
				PRODUCT_BUNDLE_IDENTIFIER = com.example.FileManager;
				PRODUCT_NAME = "$(TARGET_NAME)";
				SUPPORTED_PLATFORMS = "iphoneos iphonesimulator";
				SUPPORTS_MACCATALYST = NO;
				SUPPORTS_MAC_DESIGNED_FOR_IPHONE_IPAD = NO;
				SUPPORTS_XR_DESIGNED_FOR_IPHONE_IPAD = NO;
				SWIFT_EMIT_LOC_STRINGS = YES;
				SWIFT_VERSION = 5.0;
				TARGETED_DEVICE_FAMILY = "1,2";
			};
			name = Release;
		};
		45D5F5D82D344DEF00DBD69F /* Debug */ = {
			isa = XCBuildConfiguration;
			buildSettings = {
				ALWAYS_SEARCH_USER_PATHS = NO;
				ASSETCATALOG_COMPILER_GENERATE_SWIFT_ASSET_SYMBOL_EXTENSIONS = YES;
				CLANG_ANALYZER_NONNULL = YES;
				CLANG_ANALYZER_NUMBER_OBJECT_CONVERSION = YES_AGGRESSIVE;
				CLANG_CXX_LANGUAGE_STANDARD = "gnu++20";
				CLANG_ENABLE_MODULES = YES;
				CLANG_ENABLE_OBJC_ARC = YES;
				CLANG_ENABLE_OBJC_WEAK = YES;
				CLANG_WARN_BLOCK_CAPTURE_AUTORELEASING = YES;
				CLANG_WARN_BOOL_CONVERSION = YES;
				CLANG_WARN_COMMA = YES;
				CLANG_WARN_CONSTANT_CONVERSION = YES;
				CLANG_WARN_DEPRECATED_OBJC_IMPLEMENTATIONS = YES;
				CLANG_WARN_DIRECT_OBJC_ISA_USAGE = YES_ERROR;
				CLANG_WARN_DOCUMENTATION_COMMENTS = YES;
				CLANG_WARN_EMPTY_BODY = YES;
				CLANG_WARN_ENUM_CONVERSION = YES;
				CLANG_WARN_INFINITE_RECURSION = YES;
				CLANG_WARN_INT_CONVERSION = YES;
				CLANG_WARN_NON_LITERAL_NULL_CONVERSION = YES;
				CLANG_WARN_OBJC_IMPLICIT_RETAIN_SELF = YES;
				CLANG_WARN_OBJC_LITERAL_CONVERSION = YES;
				CLANG_WARN_OBJC_ROOT_CLASS = YES_ERROR;
				CLANG_WARN_QUOTED_INCLUDE_IN_FRAMEWORK_HEADER = YES;
				CLANG_WARN_RANGE_LOOP_ANALYSIS = YES;
				CLANG_WARN_STRICT_PROTOTYPES = YES;
				CLANG_WARN_SUSPICIOUS_MOVE = YES;
				CLANG_WARN_UNGUARDED_AVAILABILITY = YES_AGGRESSIVE;
				CLANG_WARN_UNREACHABLE_CODE = YES;
				CLANG_WARN__DUPLICATE_METHOD_MATCH = YES;
				COPY_PHASE_STRIP = NO;
				DEBUG_INFORMATION_FORMAT = dwarf;
				ENABLE_STRICT_OBJC_MSGSEND = YES;
				ENABLE_TESTABILITY = YES;
				ENABLE_USER_SCRIPT_SANDBOXING = YES;
				GCC_C_LANGUAGE_STANDARD = gnu17;
				GCC_DYNAMIC_NO_PIC = NO;
				GCC_NO_COMMON_BLOCKS = YES;
				GCC_OPTIMIZATION_LEVEL = 0;
				GCC_PREPROCESSOR_DEFINITIONS = (
					"DEBUG=1",
					"$(inherited)",
				);
				GCC_WARN_64_TO_32_BIT_CONVERSION = YES;
				GCC_WARN_ABOUT_RETURN_TYPE = YES_ERROR;
				GCC_WARN_UNDECLARED_SELECTOR = YES;
				GCC_WARN_UNINITIALIZED_AUTOS = YES_AGGRESSIVE;
				GCC_WARN_UNUSED_FUNCTION = YES;
				GCC_WARN_UNUSED_VARIABLE = YES;
				IPHONEOS_DEPLOYMENT_TARGET = 18.2;
				LOCALIZATION_PREFERS_STRING_CATALOGS = YES;
				MTL_ENABLE_DEBUG_INFO = INCLUDE_SOURCE;
				MTL_FAST_MATH = YES;
				ONLY_ACTIVE_ARCH = YES;
				SDKROOT = iphoneos;
				SWIFT_ACTIVE_COMPILATION_CONDITIONS = "DEBUG $(inherited)";
				SWIFT_OPTIMIZATION_LEVEL = "-Onone";
			};
			name = Debug;
		};
		45D5F5D92D344DEF00DBD69F /* Release */ = {
			isa = XCBuildConfiguration;
			buildSettings = {
				ALWAYS_SEARCH_USER_PATHS = NO;
				ASSETCATALOG_COMPILER_GENERATE_SWIFT_ASSET_SYMBOL_EXTENSIONS = YES;
				CLANG_ANALYZER_NONNULL = YES;
				CLANG_ANALYZER_NUMBER_OBJECT_CONVERSION = YES_AGGRESSIVE;
				CLANG_CXX_LANGUAGE_STANDARD = "gnu++20";
				CLANG_ENABLE_MODULES = YES;
				CLANG_ENABLE_OBJC_ARC = YES;
				CLANG_ENABLE_OBJC_WEAK = YES;
				CLANG_WARN_BLOCK_CAPTURE_AUTORELEASING = YES;
				CLANG_WARN_BOOL_CONVERSION = YES;
				CLANG_WARN_COMMA = YES;
				CLANG_WARN_CONSTANT_CONVERSION = YES;
				CLANG_WARN_DEPRECATED_OBJC_IMPLEMENTATIONS = YES;
				CLANG_WARN_DIRECT_OBJC_ISA_USAGE = YES_ERROR;
				CLANG_WARN_DOCUMENTATION_COMMENTS = YES;
				CLANG_WARN_EMPTY_BODY = YES;
				CLANG_WARN_ENUM_CONVERSION = YES;
				CLANG_WARN_INFINITE_RECURSION = YES;
				CLANG_WARN_INT_CONVERSION = YES;
				CLANG_WARN_NON_LITERAL_NULL_CONVERSION = YES;
				CLANG_WARN_OBJC_IMPLICIT_RETAIN_SELF = YES;
				CLANG_WARN_OBJC_LITERAL_CONVERSION = YES;
				CLANG_WARN_OBJC_ROOT_CLASS = YES_ERROR;
				CLANG_WARN_QUOTED_INCLUDE_IN_FRAMEWORK_HEADER = YES;
				CLANG_WARN_RANGE_LOOP_ANALYSIS = YES;
				CLANG_WARN_STRICT_PROTOTYPES = YES;
				CLANG_WARN_SUSPICIOUS_MOVE = YES;
				CLANG_WARN_UNGUARDED_AVAILABILITY = YES_AGGRESSIVE;
				CLANG_WARN_UNREACHABLE_CODE = YES;
				CLANG_WARN__DUPLICATE_METHOD_MATCH = YES;
				COPY_PHASE_STRIP = NO;
				DEBUG_INFORMATION_FORMAT = "dwarf-with-dsym";
				ENABLE_NS_ASSERTIONS = NO;
				ENABLE_STRICT_OBJC_MSGSEND = YES;
				ENABLE_USER_SCRIPT_SANDBOXING = YES;
				GCC_C_LANGUAGE_STANDARD = gnu17;
				GCC_NO_COMMON_BLOCKS = YES;
				GCC_WARN_64_TO_32_BIT_CONVERSION = YES;
				GCC_WARN_ABOUT_RETURN_TYPE = YES_ERROR;
				GCC_WARN_UNDECLARED_SELECTOR = YES;
				GCC_WARN_UNINITIALIZED_AUTOS = YES_AGGRESSIVE;
				GCC_WARN_UNUSED_FUNCTION = YES;
				GCC_WARN_UNUSED_VARIABLE = YES;
				IPHONEOS_DEPLOYMENT_TARGET = 18.2;
				LOCALIZATION_PREFERS_STRING_CATALOGS = YES;
				MTL_ENABLE_DEBUG_INFO = NO;
				MTL_FAST_MATH = YES;
				SDKROOT = iphoneos;
				SWIFT_COMPILATION_MODE = wholemodule;
				VALIDATE_PRODUCT = YES;
			};
			name = Release;
		};
		45D5F5DB2D344DEF00DBD69F /* Debug */ = {
			isa = XCBuildConfiguration;
			buildSettings = {
				BUNDLE_LOADER = "$(TEST_HOST)";
				CODE_SIGN_STYLE = Automatic;
				CURRENT_PROJECT_VERSION = 1;
				GENERATE_INFOPLIST_FILE = YES;
				IPHONEOS_DEPLOYMENT_TARGET = 18.2;
				MARKETING_VERSION = 1.0;
				PRODUCT_BUNDLE_IDENTIFIER = com.example.FileManagerTests;
				PRODUCT_NAME = "$(TARGET_NAME)";
				SWIFT_EMIT_LOC_STRINGS = NO;
				SWIFT_VERSION = 5.0;
				TARGETED_DEVICE_FAMILY = "1,2";
				TEST_HOST = "$(BUILT_PRODUCTS_DIR)/FileManager.app/$(BUNDLE_EXECUTABLE_FOLDER_PATH)/FileManager";
			};
			name = Debug;
		};
		45D5F5DC2D344DEF00DBD69F /* Release */ = {
			isa = XCBuildConfiguration;
			buildSettings = {
				BUNDLE_LOADER = "$(TEST_HOST)";
				CODE_SIGN_STYLE = Automatic;
				CURRENT_PROJECT_VERSION = 1;
				GENERATE_INFOPLIST_FILE = YES;
				IPHONEOS_DEPLOYMENT_TARGET = 18.2;
				MARKETING_VERSION = 1.0;
				PRODUCT_BUNDLE_IDENTIFIER = com.example.FileManagerTests;
				PRODUCT_NAME = "$(TARGET_NAME)";
				SWIFT_EMIT_LOC_STRINGS = NO;
				SWIFT_VERSION = 5.0;
				TARGETED_DEVICE_FAMILY = "1,2";
				TEST_HOST = "$(BUILT_PRODUCTS_DIR)/FileManager.app/$(BUNDLE_EXECUTABLE_FOLDER_PATH)/FileManager";
			};
			name = Release;
		};
		45D5F5DE2D344DEF00DBD69F /* Debug */ = {
			isa = XCBuildConfiguration;
			buildSettings = {
				CODE_SIGN_STYLE = Automatic;
				CURRENT_PROJECT_VERSION = 1;
				GENERATE_INFOPLIST_FILE = YES;
				MARKETING_VERSION = 1.0;
				PRODUCT_BUNDLE_IDENTIFIER = com.example.FileManagerUITests;
				PRODUCT_NAME = "$(TARGET_NAME)";
				SWIFT_EMIT_LOC_STRINGS = NO;
				SWIFT_VERSION = 5.0;
				TARGETED_DEVICE_FAMILY = "1,2";
				TEST_TARGET_NAME = FileManager;
			};
			name = Debug;
		};
		45D5F5DF2D344DEF00DBD69F /* Release */ = {
			isa = XCBuildConfiguration;
			buildSettings = {
				CODE_SIGN_STYLE = Automatic;
				CURRENT_PROJECT_VERSION = 1;
				GENERATE_INFOPLIST_FILE = YES;
				MARKETING_VERSION = 1.0;
				PRODUCT_BUNDLE_IDENTIFIER = com.example.FileManagerUITests;
				PRODUCT_NAME = "$(TARGET_NAME)";
				SWIFT_EMIT_LOC_STRINGS = NO;
				SWIFT_VERSION = 5.0;
				TARGETED_DEVICE_FAMILY = "1,2";
				TEST_TARGET_NAME = FileManager;
			};
			name = Release;
		};
/* End XCBuildConfiguration section */

/* Begin XCConfigurationList section */
		45D5F5A42D344DEE00DBD69F /* Build configuration list for PBXProject "FileManager" */ = {
			isa = XCConfigurationList;
			buildConfigurations = (
				45D5F5D82D344DEF00DBD69F /* Debug */,
				45D5F5D92D344DEF00DBD69F /* Release */,
			);
			defaultConfigurationIsVisible = 0;
			defaultConfigurationName = Release;
		};
		45D5F5D52D344DEF00DBD69F /* Build configuration list for PBXNativeTarget "FileManager" */ = {
			isa = XCConfigurationList;
			buildConfigurations = (
				45D5F5D62D344DEF00DBD69F /* Debug */,
				45D5F5D72D344DEF00DBD69F /* Release */,
			);
			defaultConfigurationIsVisible = 0;
			defaultConfigurationName = Release;
		};
		45D5F5DA2D344DEF00DBD69F /* Build configuration list for PBXNativeTarget "FileManagerTests" */ = {
			isa = XCConfigurationList;
			buildConfigurations = (
				45D5F5DB2D344DEF00DBD69F /* Debug */,
				45D5F5DC2D344DEF00DBD69F /* Release */,
			);
			defaultConfigurationIsVisible = 0;
			defaultConfigurationName = Release;
		};
		45D5F5DD2D344DEF00DBD69F /* Build configuration list for PBXNativeTarget "FileManagerUITests" */ = {
			isa = XCConfigurationList;
			buildConfigurations = (
				45D5F5DE2D344DEF00DBD69F /* Debug */,
				45D5F5DF2D344DEF00DBD69F /* Release */,
			);
			defaultConfigurationIsVisible = 0;
			defaultConfigurationName = Release;
		};
/* End XCConfigurationList section */
	};
	rootObject = 45D5F5A12D344DEE00DBD69F /* Project object */;
}
